
Microsoft Visual Studio Solution File, Format Version 12.00
# Visual Studio Version 17
VisualStudioVersion = 17.6.33815.320
MinimumVisualStudioVersion = 10.0.40219.1
Project("{FAE04EC0-301F-11D3-BF4B-00C04F79EFBC}") = "Zadaniee1_Programowanie2023", "Zadaniee1_Programowanie2023.csproj", "{34780ED1-0A72-4B31-A575-C489F3D6898C}"
EndProject
Global
	GlobalSection(SolutionConfigurationPlatforms) = preSolution
		Debug|Any CPU = Debug|Any CPU
		Release|Any CPU = Release|Any CPU
	EndGlobalSection
	GlobalSection(ProjectConfigurationPlatforms) = postSolution
		{34780ED1-0A72-4B31-A575-C489F3D6898C}.Debug|Any CPU.ActiveCfg = Debug|Any CPU
		{34780ED1-0A72-4B31-A575-C489F3D6898C}.Debug|Any CPU.Build.0 = Debug|Any CPU
		{34780ED1-0A72-4B31-A575-C489F3D6898C}.Release|Any CPU.ActiveCfg = Release|Any CPU
		{34780ED1-0A72-4B31-A575-C489F3D6898C}.Release|Any CPU.Build.0 = Release|Any CPU
	EndGlobalSection
	GlobalSection(SolutionProperties) = preSolution
		HideSolutionNode = FALSE
	EndGlobalSection
	GlobalSection(ExtensibilityGlobals) = postSolution
		SolutionGuid = {0B2325E3-ECBA-4762-BDFB-8EDB259F8C9C}
	EndGlobalSection
EndGlobal
